// !$*UTF8*$!
{
	archiveVersion = 1;
	classes = {
	};
	objectVersion = 50;
	objects = {

/* Begin PBXBuildFile section */
		2C6395CC20D8D12100E1D32E /* LoginViewController.swift in Sources */ = {isa = PBXBuildFile; fileRef = 2C6395CB20D8D12100E1D32E /* LoginViewController.swift */; };
		2C6395D020D8FB1000E1D32E /* SignupViewController.swift in Sources */ = {isa = PBXBuildFile; fileRef = 2C6395CF20D8FB1000E1D32E /* SignupViewController.swift */; };
		2C6395D220D8FB5C00E1D32E /* SignupViewModel.swift in Sources */ = {isa = PBXBuildFile; fileRef = 2C6395D120D8FB5C00E1D32E /* SignupViewModel.swift */; };
		2C905F8220D8B46D00D9C387 /* AppDelegate.swift in Sources */ = {isa = PBXBuildFile; fileRef = 2C905F8120D8B46D00D9C387 /* AppDelegate.swift */; };
		2C905F8720D8B46D00D9C387 /* Main.storyboard in Resources */ = {isa = PBXBuildFile; fileRef = 2C905F8520D8B46D00D9C387 /* Main.storyboard */; };
		2C905F8A20D8B46D00D9C387 /* SplitExpense.xcdatamodeld in Sources */ = {isa = PBXBuildFile; fileRef = 2C905F8820D8B46D00D9C387 /* SplitExpense.xcdatamodeld */; };
		2C905F8C20D8B46F00D9C387 /* Assets.xcassets in Resources */ = {isa = PBXBuildFile; fileRef = 2C905F8B20D8B46F00D9C387 /* Assets.xcassets */; };
		2C905F8F20D8B46F00D9C387 /* LaunchScreen.storyboard in Resources */ = {isa = PBXBuildFile; fileRef = 2C905F8D20D8B46F00D9C387 /* LaunchScreen.storyboard */; };
		2C905F9A20D8B46F00D9C387 /* SplitExpenseTests.swift in Sources */ = {isa = PBXBuildFile; fileRef = 2C905F9920D8B46F00D9C387 /* SplitExpenseTests.swift */; };
		2C905FA820D8BDA200D9C387 /* LoginViewModel.swift in Sources */ = {isa = PBXBuildFile; fileRef = 2C905FA720D8BDA200D9C387 /* LoginViewModel.swift */; };
		2C905FAA20D8CA6000D9C387 /* CoreDataManager.swift in Sources */ = {isa = PBXBuildFile; fileRef = 2C905FA920D8CA6000D9C387 /* CoreDataManager.swift */; };
		2C905FAE20D8CB5100D9C387 /* Authentication.swift in Sources */ = {isa = PBXBuildFile; fileRef = 2C905FAD20D8CB5100D9C387 /* Authentication.swift */; };
		2C905FB020D8CB6C00D9C387 /* Constant.swift in Sources */ = {isa = PBXBuildFile; fileRef = 2C905FAF20D8CB6C00D9C387 /* Constant.swift */; };
		2C905FB320D8CC0F00D9C387 /* Users.swift in Sources */ = {isa = PBXBuildFile; fileRef = 2C905FB120D8CC0F00D9C387 /* Users.swift */; };
		2C905FB420D8CC0F00D9C387 /* Users+CoreDataProperties.swift in Sources */ = {isa = PBXBuildFile; fileRef = 2C905FB220D8CC0F00D9C387 /* Users+CoreDataProperties.swift */; };
		2C905FB720D8CE4300D9C387 /* UtilClass.swift in Sources */ = {isa = PBXBuildFile; fileRef = 2C905FB620D8CE4300D9C387 /* UtilClass.swift */; };
/* End PBXBuildFile section */

/* Begin PBXContainerItemProxy section */
		2C905F9620D8B46F00D9C387 /* PBXContainerItemProxy */ = {
			isa = PBXContainerItemProxy;
			containerPortal = 2C905F7620D8B46D00D9C387 /* Project object */;
			proxyType = 1;
			remoteGlobalIDString = 2C905F7D20D8B46D00D9C387;
			remoteInfo = SplitExpense;
		};
/* End PBXContainerItemProxy section */

/* Begin PBXFileReference section */
		2C6395CB20D8D12100E1D32E /* LoginViewController.swift */ = {isa = PBXFileReference; fileEncoding = 4; lastKnownFileType = sourcecode.swift; path = LoginViewController.swift; sourceTree = "<group>"; };
		2C6395CF20D8FB1000E1D32E /* SignupViewController.swift */ = {isa = PBXFileReference; lastKnownFileType = sourcecode.swift; path = SignupViewController.swift; sourceTree = "<group>"; };
		2C6395D120D8FB5C00E1D32E /* SignupViewModel.swift */ = {isa = PBXFileReference; lastKnownFileType = sourcecode.swift; path = SignupViewModel.swift; sourceTree = "<group>"; };
		2C905F7E20D8B46D00D9C387 /* SplitExpense.app */ = {isa = PBXFileReference; explicitFileType = wrapper.application; includeInIndex = 0; path = SplitExpense.app; sourceTree = BUILT_PRODUCTS_DIR; };
		2C905F8120D8B46D00D9C387 /* AppDelegate.swift */ = {isa = PBXFileReference; lastKnownFileType = sourcecode.swift; path = AppDelegate.swift; sourceTree = "<group>"; };
		2C905F8620D8B46D00D9C387 /* Base */ = {isa = PBXFileReference; lastKnownFileType = file.storyboard; name = Base; path = Base.lproj/Main.storyboard; sourceTree = "<group>"; };
		2C905F8920D8B46D00D9C387 /* SplitExpense.xcdatamodel */ = {isa = PBXFileReference; lastKnownFileType = wrapper.xcdatamodel; path = SplitExpense.xcdatamodel; sourceTree = "<group>"; };
		2C905F8B20D8B46F00D9C387 /* Assets.xcassets */ = {isa = PBXFileReference; lastKnownFileType = folder.assetcatalog; path = Assets.xcassets; sourceTree = "<group>"; };
		2C905F8E20D8B46F00D9C387 /* Base */ = {isa = PBXFileReference; lastKnownFileType = file.storyboard; name = Base; path = Base.lproj/LaunchScreen.storyboard; sourceTree = "<group>"; };
		2C905F9020D8B46F00D9C387 /* Info.plist */ = {isa = PBXFileReference; lastKnownFileType = text.plist.xml; path = Info.plist; sourceTree = "<group>"; };
		2C905F9520D8B46F00D9C387 /* SplitExpenseTests.xctest */ = {isa = PBXFileReference; explicitFileType = wrapper.cfbundle; includeInIndex = 0; path = SplitExpenseTests.xctest; sourceTree = BUILT_PRODUCTS_DIR; };
		2C905F9920D8B46F00D9C387 /* SplitExpenseTests.swift */ = {isa = PBXFileReference; lastKnownFileType = sourcecode.swift; path = SplitExpenseTests.swift; sourceTree = "<group>"; };
		2C905F9B20D8B46F00D9C387 /* Info.plist */ = {isa = PBXFileReference; lastKnownFileType = text.plist.xml; path = Info.plist; sourceTree = "<group>"; };
		2C905FA720D8BDA200D9C387 /* LoginViewModel.swift */ = {isa = PBXFileReference; lastKnownFileType = sourcecode.swift; path = LoginViewModel.swift; sourceTree = "<group>"; };
		2C905FA920D8CA6000D9C387 /* CoreDataManager.swift */ = {isa = PBXFileReference; lastKnownFileType = sourcecode.swift; path = CoreDataManager.swift; sourceTree = "<group>"; };
		2C905FAD20D8CB5100D9C387 /* Authentication.swift */ = {isa = PBXFileReference; lastKnownFileType = sourcecode.swift; path = Authentication.swift; sourceTree = "<group>"; };
		2C905FAF20D8CB6C00D9C387 /* Constant.swift */ = {isa = PBXFileReference; lastKnownFileType = sourcecode.swift; path = Constant.swift; sourceTree = "<group>"; };
		2C905FB120D8CC0F00D9C387 /* Users.swift */ = {isa = PBXFileReference; lastKnownFileType = sourcecode.swift; path = Users.swift; sourceTree = "<group>"; };
		2C905FB220D8CC0F00D9C387 /* Users+CoreDataProperties.swift */ = {isa = PBXFileReference; lastKnownFileType = sourcecode.swift; path = "Users+CoreDataProperties.swift"; sourceTree = "<group>"; };
		2C905FB620D8CE4300D9C387 /* UtilClass.swift */ = {isa = PBXFileReference; lastKnownFileType = sourcecode.swift; path = UtilClass.swift; sourceTree = "<group>"; };
/* End PBXFileReference section */

/* Begin PBXFrameworksBuildPhase section */
		2C905F7B20D8B46D00D9C387 /* Frameworks */ = {
			isa = PBXFrameworksBuildPhase;
			buildActionMask = 2147483647;
			files = (
			);
			runOnlyForDeploymentPostprocessing = 0;
		};
		2C905F9220D8B46F00D9C387 /* Frameworks */ = {
			isa = PBXFrameworksBuildPhase;
			buildActionMask = 2147483647;
			files = (
			);
			runOnlyForDeploymentPostprocessing = 0;
		};
/* End PBXFrameworksBuildPhase section */

/* Begin PBXGroup section */
		2C6395CA20D8D10900E1D32E /* View Controller */ = {
			isa = PBXGroup;
			children = (
				2C6395CB20D8D12100E1D32E /* LoginViewController.swift */,
				2C6395CF20D8FB1000E1D32E /* SignupViewController.swift */,
			);
			path = "View Controller";
			sourceTree = "<group>";
		};
		2C905F7520D8B46D00D9C387 = {
			isa = PBXGroup;
			children = (
				2C905F8020D8B46D00D9C387 /* SplitExpense */,
				2C905FB520D8CE3100D9C387 /* Util */,
				2C905F9820D8B46F00D9C387 /* SplitExpenseTests */,
				2C905F7F20D8B46D00D9C387 /* Products */,
			);
			sourceTree = "<group>";
		};
		2C905F7F20D8B46D00D9C387 /* Products */ = {
			isa = PBXGroup;
			children = (
				2C905F7E20D8B46D00D9C387 /* SplitExpense.app */,
				2C905F9520D8B46F00D9C387 /* SplitExpenseTests.xctest */,
			);
			name = Products;
			sourceTree = "<group>";
		};
		2C905F8020D8B46D00D9C387 /* SplitExpense */ = {
			isa = PBXGroup;
			children = (
				2C905F8120D8B46D00D9C387 /* AppDelegate.swift */,
				2C6395CA20D8D10900E1D32E /* View Controller */,
				2C905FA420D8BD7800D9C387 /* View Model */,
				2C905FAB20D8CA6B00D9C387 /* Core Data */,
				2C905F8520D8B46D00D9C387 /* Main.storyboard */,
				2C905F8B20D8B46F00D9C387 /* Assets.xcassets */,
				2C905F8D20D8B46F00D9C387 /* LaunchScreen.storyboard */,
				2C905F9020D8B46F00D9C387 /* Info.plist */,
				2C905F8820D8B46D00D9C387 /* SplitExpense.xcdatamodeld */,
			);
			path = SplitExpense;
			sourceTree = "<group>";
		};
		2C905F9820D8B46F00D9C387 /* SplitExpenseTests */ = {
			isa = PBXGroup;
			children = (
				2C905F9920D8B46F00D9C387 /* SplitExpenseTests.swift */,
				2C905F9B20D8B46F00D9C387 /* Info.plist */,
			);
			path = SplitExpenseTests;
			sourceTree = "<group>";
		};
		2C905FA420D8BD7800D9C387 /* View Model */ = {
			isa = PBXGroup;
			children = (
				2C905FA720D8BDA200D9C387 /* LoginViewModel.swift */,
				2C6395D120D8FB5C00E1D32E /* SignupViewModel.swift */,
			);
			path = "View Model";
			sourceTree = "<group>";
		};
		2C905FAB20D8CA6B00D9C387 /* Core Data */ = {
			isa = PBXGroup;
			children = (
				2C905FAC20D8CA7800D9C387 /* Entity */,
				2C905FA920D8CA6000D9C387 /* CoreDataManager.swift */,
			);
			path = "Core Data";
			sourceTree = "<group>";
		};
		2C905FAC20D8CA7800D9C387 /* Entity */ = {
			isa = PBXGroup;
			children = (
				2C905FB120D8CC0F00D9C387 /* Users.swift */,
				2C905FB220D8CC0F00D9C387 /* Users+CoreDataProperties.swift */,
			);
			path = Entity;
			sourceTree = "<group>";
		};
		2C905FB520D8CE3100D9C387 /* Util */ = {
			isa = PBXGroup;
			children = (
				2C905FAD20D8CB5100D9C387 /* Authentication.swift */,
				2C905FAF20D8CB6C00D9C387 /* Constant.swift */,
				2C905FB620D8CE4300D9C387 /* UtilClass.swift */,
			);
			path = Util;
			sourceTree = "<group>";
		};
/* End PBXGroup section */

/* Begin PBXNativeTarget section */
		2C905F7D20D8B46D00D9C387 /* SplitExpense */ = {
			isa = PBXNativeTarget;
			buildConfigurationList = 2C905F9E20D8B46F00D9C387 /* Build configuration list for PBXNativeTarget "SplitExpense" */;
			buildPhases = (
				2C905F7A20D8B46D00D9C387 /* Sources */,
				2C905F7B20D8B46D00D9C387 /* Frameworks */,
				2C905F7C20D8B46D00D9C387 /* Resources */,
			);
			buildRules = (
			);
			dependencies = (
			);
			name = SplitExpense;
			productName = SplitExpense;
			productReference = 2C905F7E20D8B46D00D9C387 /* SplitExpense.app */;
			productType = "com.apple.product-type.application";
		};
		2C905F9420D8B46F00D9C387 /* SplitExpenseTests */ = {
			isa = PBXNativeTarget;
			buildConfigurationList = 2C905FA120D8B46F00D9C387 /* Build configuration list for PBXNativeTarget "SplitExpenseTests" */;
			buildPhases = (
				2C905F9120D8B46F00D9C387 /* Sources */,
				2C905F9220D8B46F00D9C387 /* Frameworks */,
				2C905F9320D8B46F00D9C387 /* Resources */,
			);
			buildRules = (
			);
			dependencies = (
				2C905F9720D8B46F00D9C387 /* PBXTargetDependency */,
			);
			name = SplitExpenseTests;
			productName = SplitExpenseTests;
			productReference = 2C905F9520D8B46F00D9C387 /* SplitExpenseTests.xctest */;
			productType = "com.apple.product-type.bundle.unit-test";
		};
/* End PBXNativeTarget section */

/* Begin PBXProject section */
		2C905F7620D8B46D00D9C387 /* Project object */ = {
			isa = PBXProject;
			attributes = {
				LastSwiftUpdateCheck = 0940;
				LastUpgradeCheck = 0940;
				ORGANIZATIONNAME = Nigam;
				TargetAttributes = {
					2C905F7D20D8B46D00D9C387 = {
						CreatedOnToolsVersion = 9.4;
					};
					2C905F9420D8B46F00D9C387 = {
						CreatedOnToolsVersion = 9.4;
						TestTargetID = 2C905F7D20D8B46D00D9C387;
					};
				};
			};
			buildConfigurationList = 2C905F7920D8B46D00D9C387 /* Build configuration list for PBXProject "SplitExpense" */;
			compatibilityVersion = "Xcode 9.3";
			developmentRegion = en;
			hasScannedForEncodings = 0;
			knownRegions = (
				en,
				Base,
			);
			mainGroup = 2C905F7520D8B46D00D9C387;
			productRefGroup = 2C905F7F20D8B46D00D9C387 /* Products */;
			projectDirPath = "";
			projectRoot = "";
			targets = (
				2C905F7D20D8B46D00D9C387 /* SplitExpense */,
				2C905F9420D8B46F00D9C387 /* SplitExpenseTests */,
			);
		};
/* End PBXProject section */

/* Begin PBXResourcesBuildPhase section */
		2C905F7C20D8B46D00D9C387 /* Resources */ = {
			isa = PBXResourcesBuildPhase;
			buildActionMask = 2147483647;
			files = (
				2C905F8F20D8B46F00D9C387 /* LaunchScreen.storyboard in Resources */,
				2C905F8C20D8B46F00D9C387 /* Assets.xcassets in Resources */,
				2C905F8720D8B46D00D9C387 /* Main.storyboard in Resources */,
			);
			runOnlyForDeploymentPostprocessing = 0;
		};
		2C905F9320D8B46F00D9C387 /* Resources */ = {
			isa = PBXResourcesBuildPhase;
			buildActionMask = 2147483647;
			files = (
			);
			runOnlyForDeploymentPostprocessing = 0;
		};
/* End PBXResourcesBuildPhase section */

/* Begin PBXSourcesBuildPhase section */
		2C905F7A20D8B46D00D9C387 /* Sources */ = {
			isa = PBXSourcesBuildPhase;
			buildActionMask = 2147483647;
			files = (
				2C905FB020D8CB6C00D9C387 /* Constant.swift in Sources */,
				2C905FB420D8CC0F00D9C387 /* Users+CoreDataProperties.swift in Sources */,
				2C6395D020D8FB1000E1D32E /* SignupViewController.swift in Sources */,
				2C905FA820D8BDA200D9C387 /* LoginViewModel.swift in Sources */,
				2C905FB320D8CC0F00D9C387 /* Users.swift in Sources */,
				2C905F8220D8B46D00D9C387 /* AppDelegate.swift in Sources */,
				2C6395D220D8FB5C00E1D32E /* SignupViewModel.swift in Sources */,
				2C905FB720D8CE4300D9C387 /* UtilClass.swift in Sources */,
				2C905FAA20D8CA6000D9C387 /* CoreDataManager.swift in Sources */,
				2C905F8A20D8B46D00D9C387 /* SplitExpense.xcdatamodeld in Sources */,
				2C6395CC20D8D12100E1D32E /* LoginViewController.swift in Sources */,
				2C905FAE20D8CB5100D9C387 /* Authentication.swift in Sources */,
			);
			runOnlyForDeploymentPostprocessing = 0;
		};
		2C905F9120D8B46F00D9C387 /* Sources */ = {
			isa = PBXSourcesBuildPhase;
			buildActionMask = 2147483647;
			files = (
				2C905F9A20D8B46F00D9C387 /* SplitExpenseTests.swift in Sources */,
			);
			runOnlyForDeploymentPostprocessing = 0;
		};
/* End PBXSourcesBuildPhase section */

/* Begin PBXTargetDependency section */
		2C905F9720D8B46F00D9C387 /* PBXTargetDependency */ = {
			isa = PBXTargetDependency;
			target = 2C905F7D20D8B46D00D9C387 /* SplitExpense */;
			targetProxy = 2C905F9620D8B46F00D9C387 /* PBXContainerItemProxy */;
		};
/* End PBXTargetDependency section */

/* Begin PBXVariantGroup section */
		2C905F8520D8B46D00D9C387 /* Main.storyboard */ = {
			isa = PBXVariantGroup;
			children = (
				2C905F8620D8B46D00D9C387 /* Base */,
			);
			name = Main.storyboard;
			sourceTree = "<group>";
		};
		2C905F8D20D8B46F00D9C387 /* LaunchScreen.storyboard */ = {
			isa = PBXVariantGroup;
			children = (
				2C905F8E20D8B46F00D9C387 /* Base */,
			);
			name = LaunchScreen.storyboard;
			sourceTree = "<group>";
		};
/* End PBXVariantGroup section */

/* Begin XCBuildConfiguration section */
		2C905F9C20D8B46F00D9C387 /* Debug */ = {
			isa = XCBuildConfiguration;
			buildSettings = {
				ALWAYS_SEARCH_USER_PATHS = NO;
				CLANG_ANALYZER_NONNULL = YES;
				CLANG_ANALYZER_NUMBER_OBJECT_CONVERSION = YES_AGGRESSIVE;
				CLANG_CXX_LANGUAGE_STANDARD = "gnu++14";
				CLANG_CXX_LIBRARY = "libc++";
				CLANG_ENABLE_MODULES = YES;
				CLANG_ENABLE_OBJC_ARC = YES;
				CLANG_ENABLE_OBJC_WEAK = YES;
				CLANG_WARN_BLOCK_CAPTURE_AUTORELEASING = YES;
				CLANG_WARN_BOOL_CONVERSION = YES;
				CLANG_WARN_COMMA = YES;
				CLANG_WARN_CONSTANT_CONVERSION = YES;
				CLANG_WARN_DEPRECATED_OBJC_IMPLEMENTATIONS = YES;
				CLANG_WARN_DIRECT_OBJC_ISA_USAGE = YES_ERROR;
				CLANG_WARN_DOCUMENTATION_COMMENTS = YES;
				CLANG_WARN_EMPTY_BODY = YES;
				CLANG_WARN_ENUM_CONVERSION = YES;
				CLANG_WARN_INFINITE_RECURSION = YES;
				CLANG_WARN_INT_CONVERSION = YES;
				CLANG_WARN_NON_LITERAL_NULL_CONVERSION = YES;
				CLANG_WARN_OBJC_IMPLICIT_RETAIN_SELF = YES;
				CLANG_WARN_OBJC_LITERAL_CONVERSION = YES;
				CLANG_WARN_OBJC_ROOT_CLASS = YES_ERROR;
				CLANG_WARN_RANGE_LOOP_ANALYSIS = YES;
				CLANG_WARN_STRICT_PROTOTYPES = YES;
				CLANG_WARN_SUSPICIOUS_MOVE = YES;
				CLANG_WARN_UNGUARDED_AVAILABILITY = YES_AGGRESSIVE;
				CLANG_WARN_UNREACHABLE_CODE = YES;
				CLANG_WARN__DUPLICATE_METHOD_MATCH = YES;
				CODE_SIGN_IDENTITY = "iPhone Developer";
				COPY_PHASE_STRIP = NO;
				DEBUG_INFORMATION_FORMAT = dwarf;
				ENABLE_STRICT_OBJC_MSGSEND = YES;
				ENABLE_TESTABILITY = YES;
				GCC_C_LANGUAGE_STANDARD = gnu11;
				GCC_DYNAMIC_NO_PIC = NO;
				GCC_NO_COMMON_BLOCKS = YES;
				GCC_OPTIMIZATION_LEVEL = 0;
				GCC_PREPROCESSOR_DEFINITIONS = (
					"DEBUG=1",
					"$(inherited)",
				);
				GCC_WARN_64_TO_32_BIT_CONVERSION = YES;
				GCC_WARN_ABOUT_RETURN_TYPE = YES_ERROR;
				GCC_WARN_UNDECLARED_SELECTOR = YES;
				GCC_WARN_UNINITIALIZED_AUTOS = YES_AGGRESSIVE;
				GCC_WARN_UNUSED_FUNCTION = YES;
				GCC_WARN_UNUSED_VARIABLE = YES;
				IPHONEOS_DEPLOYMENT_TARGET = 11.4;
				MTL_ENABLE_DEBUG_INFO = YES;
				ONLY_ACTIVE_ARCH = YES;
				SDKROOT = iphoneos;
				SWIFT_ACTIVE_COMPILATION_CONDITIONS = DEBUG;
				SWIFT_OPTIMIZATION_LEVEL = "-Onone";
			};
			name = Debug;
		};
		2C905F9D20D8B46F00D9C387 /* Release */ = {
			isa = XCBuildConfiguration;
			buildSettings = {
				ALWAYS_SEARCH_USER_PATHS = NO;
				CLANG_ANALYZER_NONNULL = YES;
				CLANG_ANALYZER_NUMBER_OBJECT_CONVERSION = YES_AGGRESSIVE;
				CLANG_CXX_LANGUAGE_STANDARD = "gnu++14";
				CLANG_CXX_LIBRARY = "libc++";
				CLANG_ENABLE_MODULES = YES;
				CLANG_ENABLE_OBJC_ARC = YES;
				CLANG_ENABLE_OBJC_WEAK = YES;
				CLANG_WARN_BLOCK_CAPTURE_AUTORELEASING = YES;
				CLANG_WARN_BOOL_CONVERSION = YES;
				CLANG_WARN_COMMA = YES;
				CLANG_WARN_CONSTANT_CONVERSION = YES;
				CLANG_WARN_DEPRECATED_OBJC_IMPLEMENTATIONS = YES;
				CLANG_WARN_DIRECT_OBJC_ISA_USAGE = YES_ERROR;
				CLANG_WARN_DOCUMENTATION_COMMENTS = YES;
				CLANG_WARN_EMPTY_BODY = YES;
				CLANG_WARN_ENUM_CONVERSION = YES;
				CLANG_WARN_INFINITE_RECURSION = YES;
				CLANG_WARN_INT_CONVERSION = YES;
				CLANG_WARN_NON_LITERAL_NULL_CONVERSION = YES;
				CLANG_WARN_OBJC_IMPLICIT_RETAIN_SELF = YES;
				CLANG_WARN_OBJC_LITERAL_CONVERSION = YES;
				CLANG_WARN_OBJC_ROOT_CLASS = YES_ERROR;
				CLANG_WARN_RANGE_LOOP_ANALYSIS = YES;
				CLANG_WARN_STRICT_PROTOTYPES = YES;
				CLANG_WARN_SUSPICIOUS_MOVE = YES;
				CLANG_WARN_UNGUARDED_AVAILABILITY = YES_AGGRESSIVE;
				CLANG_WARN_UNREACHABLE_CODE = YES;
				CLANG_WARN__DUPLICATE_METHOD_MATCH = YES;
				CODE_SIGN_IDENTITY = "iPhone Developer";
				COPY_PHASE_STRIP = NO;
				DEBUG_INFORMATION_FORMAT = "dwarf-with-dsym";
				ENABLE_NS_ASSERTIONS = NO;
				ENABLE_STRICT_OBJC_MSGSEND = YES;
				GCC_C_LANGUAGE_STANDARD = gnu11;
				GCC_NO_COMMON_BLOCKS = YES;
				GCC_WARN_64_TO_32_BIT_CONVERSION = YES;
				GCC_WARN_ABOUT_RETURN_TYPE = YES_ERROR;
				GCC_WARN_UNDECLARED_SELECTOR = YES;
				GCC_WARN_UNINITIALIZED_AUTOS = YES_AGGRESSIVE;
				GCC_WARN_UNUSED_FUNCTION = YES;
				GCC_WARN_UNUSED_VARIABLE = YES;
				IPHONEOS_DEPLOYMENT_TARGET = 11.4;
				MTL_ENABLE_DEBUG_INFO = NO;
				SDKROOT = iphoneos;
				SWIFT_COMPILATION_MODE = wholemodule;
				SWIFT_OPTIMIZATION_LEVEL = "-O";
				VALIDATE_PRODUCT = YES;
			};
			name = Release;
		};
		2C905F9F20D8B46F00D9C387 /* Debug */ = {
			isa = XCBuildConfiguration;
			buildSettings = {
				ASSETCATALOG_COMPILER_APPICON_NAME = AppIcon;
				CODE_SIGN_STYLE = Automatic;
				DEVELOPMENT_TEAM = 5KJY2G3UVK;
				INFOPLIST_FILE = SplitExpense/Info.plist;
				LD_RUNPATH_SEARCH_PATHS = (
					"$(inherited)",
					"@executable_path/Frameworks",
				);
				PRODUCT_BUNDLE_IDENTIFIER = com.nigam.SplitExpense;
				PRODUCT_NAME = "$(TARGET_NAME)";
				SWIFT_VERSION = 4.0;
				TARGETED_DEVICE_FAMILY = "1,2";
			};
			name = Debug;
		};
		2C905FA020D8B46F00D9C387 /* Release */ = {
			isa = XCBuildConfiguration;
			buildSettings = {
				ASSETCATALOG_COMPILER_APPICON_NAME = AppIcon;
				CODE_SIGN_STYLE = Automatic;
				DEVELOPMENT_TEAM = 5KJY2G3UVK;
				INFOPLIST_FILE = SplitExpense/Info.plist;
				LD_RUNPATH_SEARCH_PATHS = (
					"$(inherited)",
					"@executable_path/Frameworks",
				);
				PRODUCT_BUNDLE_IDENTIFIER = com.nigam.SplitExpense;
				PRODUCT_NAME = "$(TARGET_NAME)";
				SWIFT_VERSION = 4.0;
				TARGETED_DEVICE_FAMILY = "1,2";
			};
			name = Release;
		};
		2C905FA220D8B46F00D9C387 /* Debug */ = {
			isa = XCBuildConfiguration;
			buildSettings = {
				ALWAYS_EMBED_SWIFT_STANDARD_LIBRARIES = YES;
				BUNDLE_LOADER = "$(TEST_HOST)";
				CODE_SIGN_STYLE = Automatic;
				DEVELOPMENT_TEAM = 5KJY2G3UVK;
				INFOPLIST_FILE = SplitExpenseTests/Info.plist;
				LD_RUNPATH_SEARCH_PATHS = (
					"$(inherited)",
					"@executable_path/Frameworks",
					"@loader_path/Frameworks",
				);
				PRODUCT_BUNDLE_IDENTIFIER = com.nigam.SplitExpenseTests;
				PRODUCT_NAME = "$(TARGET_NAME)";
				SWIFT_VERSION = 4.0;
				TARGETED_DEVICE_FAMILY = "1,2";
				TEST_HOST = "$(BUILT_PRODUCTS_DIR)/SplitExpense.app/SplitExpense";
			};
			name = Debug;
		};
		2C905FA320D8B46F00D9C387 /* Release */ = {
			isa = XCBuildConfiguration;
			buildSettings = {
				ALWAYS_EMBED_SWIFT_STANDARD_LIBRARIES = YES;
				BUNDLE_LOADER = "$(TEST_HOST)";
				CODE_SIGN_STYLE = Automatic;
				DEVELOPMENT_TEAM = 5KJY2G3UVK;
				INFOPLIST_FILE = SplitExpenseTests/Info.plist;
				LD_RUNPATH_SEARCH_PATHS = (
					"$(inherited)",
					"@executable_path/Frameworks",
					"@loader_path/Frameworks",
				);
				PRODUCT_BUNDLE_IDENTIFIER = com.nigam.SplitExpenseTests;
				PRODUCT_NAME = "$(TARGET_NAME)";
				SWIFT_VERSION = 4.0;
				TARGETED_DEVICE_FAMILY = "1,2";
				TEST_HOST = "$(BUILT_PRODUCTS_DIR)/SplitExpense.app/SplitExpense";
			};
			name = Release;
		};
/* End XCBuildConfiguration section */

/* Begin XCConfigurationList section */
		2C905F7920D8B46D00D9C387 /* Build configuration list for PBXProject "SplitExpense" */ = {
			isa = XCConfigurationList;
			buildConfigurations = (
				2C905F9C20D8B46F00D9C387 /* Debug */,
				2C905F9D20D8B46F00D9C387 /* Release */,
			);
			defaultConfigurationIsVisible = 0;
			defaultConfigurationName = Release;
		};
		2C905F9E20D8B46F00D9C387 /* Build configuration list for PBXNativeTarget "SplitExpense" */ = {
			isa = XCConfigurationList;
			buildConfigurations = (
				2C905F9F20D8B46F00D9C387 /* Debug */,
				2C905FA020D8B46F00D9C387 /* Release */,
			);
			defaultConfigurationIsVisible = 0;
			defaultConfigurationName = Release;
		};
		2C905FA120D8B46F00D9C387 /* Build configuration list for PBXNativeTarget "SplitExpenseTests" */ = {
			isa = XCConfigurationList;
			buildConfigurations = (
				2C905FA220D8B46F00D9C387 /* Debug */,
				2C905FA320D8B46F00D9C387 /* Release */,
			);
			defaultConfigurationIsVisible = 0;
			defaultConfigurationName = Release;
		};
/* End XCConfigurationList section */

/* Begin XCVersionGroup section */
		2C905F8820D8B46D00D9C387 /* SplitExpense.xcdatamodeld */ = {
			isa = XCVersionGroup;
			children = (
				2C905F8920D8B46D00D9C387 /* SplitExpense.xcdatamodel */,
			);
			currentVersion = 2C905F8920D8B46D00D9C387 /* SplitExpense.xcdatamodel */;
			path = SplitExpense.xcdatamodeld;
			sourceTree = "<group>";
			versionGroupType = wrapper.xcdatamodel;
		};
/* End XCVersionGroup section */
	};
	rootObject = 2C905F7620D8B46D00D9C387 /* Project object */;
}
